{
  "pins" : [
    {
      "identity" : "iphonenumberfield",
      "kind" : "remoteSourceControl",
      "location" : "https://github.com/MojtabaHs/iPhoneNumberField.git",
      "state" : {
        "revision" : "5298972c899ba3555a77549bebeace2e16bc927d",
        "version" : "0.10.1"
      }
    },
    {
      "identity" : "phonenumberkit",
      "kind" : "remoteSourceControl",
      "location" : "https://github.com/marmelroy/PhoneNumberKit",
      "state" : {
        "revision" : "6edd6e38a30aec087cb97f7377edf876c29a427e",
        "version" : "3.5.9"
      }
    }
  ],
  "version" : 2
}
